
Microsoft Visual Studio Solution File, Format Version 12.00
# Visual Studio Version 16
VisualStudioVersion = 16.0.31515.178
MinimumVisualStudioVersion = 10.0.40219.1
Project("{FAE04EC0-301F-11D3-BF4B-00C04F79EFBC}") = "gui", "gui\gui.csproj", "{1DB7775B-ACA2-4B99-ACD2-96B57084ECB3}"
EndProject
Global
	GlobalSection(SolutionConfigurationPlatforms) = preSolution
		Debug|Any CPU = Debug|Any CPU
		Release|Any CPU = Release|Any CPU
	EndGlobalSection
	GlobalSection(ProjectConfigurationPlatforms) = postSolution
		{1DB7775B-ACA2-4B99-ACD2-96B57084ECB3}.Debug|Any CPU.ActiveCfg = Debug|Any CPU
		{1DB7775B-ACA2-4B99-ACD2-96B57084ECB3}.Debug|Any CPU.Build.0 = Debug|Any CPU
		{1DB7775B-ACA2-4B99-ACD2-96B57084ECB3}.Release|Any CPU.ActiveCfg = Release|Any CPU
		{1DB7775B-ACA2-4B99-ACD2-96B57084ECB3}.Release|Any CPU.Build.0 = Release|Any CPU
	EndGlobalSection
	GlobalSection(SolutionProperties) = preSolution
		HideSolutionNode = FALSE
	EndGlobalSection
	GlobalSection(ExtensibilityGlobals) = postSolution
		SolutionGuid = {2B9DC412-416F-4472-99C4-392CC0EF7DE1}
	EndGlobalSection
EndGlobal
